{
  "name": "demo",
  "version": "1.0.0",
  "lockfileVersion": 3,
  "requires": true,
  "packages": {
    "": {
      "name": "demo",
      "version": "1.0.0",
      "license": "ISC",
      "dependencies": {
        "@mathanrajt6/publish-demo-test": "^1.0.0"
      }
    },
    "node_modules/@mathanrajt6/publish-demo-test": {
      "version": "1.0.0",
      "resolved": "https://registry.npmjs.org/@mathanrajt6/publish-demo-test/-/publish-demo-test-1.0.0.tgz",
      "integrity": "sha512-qqkSmXp8j4v+EmF2b7ooJe57hFrUJVRimUdQ1s7VMHkxGjN3QYCQyhYTiRXQLByDfjzt5JiD98bJajZaIjoj5Q=="
    }
  }
}
